// !$*UTF8*$!
{
	archiveVersion = 1;
	classes = {
	};
	objectVersion = 50;
	objects = {

/* Begin PBXBuildFile section */
		63974D4C219A4B0D00480268 /* AppDelegate.swift in Sources */ = {isa = PBXBuildFile; fileRef = 63974D4B219A4B0D00480268 /* AppDelegate.swift */; };
		63974D4E219A4B0D00480268 /* art.scnassets in Resources */ = {isa = PBXBuildFile; fileRef = 63974D4D219A4B0D00480268 /* art.scnassets */; };
		63974D50219A4B0D00480268 /* ViewController.swift in Sources */ = {isa = PBXBuildFile; fileRef = 63974D4F219A4B0D00480268 /* ViewController.swift */; };
		63974D53219A4B0D00480268 /* Main.storyboard in Resources */ = {isa = PBXBuildFile; fileRef = 63974D51219A4B0D00480268 /* Main.storyboard */; };
		63974D55219A4B1200480268 /* Assets.xcassets in Resources */ = {isa = PBXBuildFile; fileRef = 63974D54219A4B1200480268 /* Assets.xcassets */; };
		63974D58219A4B1200480268 /* LaunchScreen.storyboard in Resources */ = {isa = PBXBuildFile; fileRef = 63974D56219A4B1200480268 /* LaunchScreen.storyboard */; };
		63974D63219A4B1200480268 /* PortalTests.swift in Sources */ = {isa = PBXBuildFile; fileRef = 63974D62219A4B1200480268 /* PortalTests.swift */; };
		63974D6E219A4B1300480268 /* PortalUITests.swift in Sources */ = {isa = PBXBuildFile; fileRef = 63974D6D219A4B1300480268 /* PortalUITests.swift */; };
		63974D7C219A4B3200480268 /* Extensions.swift in Sources */ = {isa = PBXBuildFile; fileRef = 63974D7B219A4B3200480268 /* Extensions.swift */; };
/* End PBXBuildFile section */

/* Begin PBXContainerItemProxy section */
		63974D5F219A4B1200480268 /* PBXContainerItemProxy */ = {
			isa = PBXContainerItemProxy;
			containerPortal = 63974D40219A4B0D00480268 /* Project object */;
			proxyType = 1;
			remoteGlobalIDString = 63974D47219A4B0D00480268;
			remoteInfo = Portal;
		};
		63974D6A219A4B1300480268 /* PBXContainerItemProxy */ = {
			isa = PBXContainerItemProxy;
			containerPortal = 63974D40219A4B0D00480268 /* Project object */;
			proxyType = 1;
			remoteGlobalIDString = 63974D47219A4B0D00480268;
			remoteInfo = Portal;
		};
/* End PBXContainerItemProxy section */

/* Begin PBXFileReference section */
		63974D48219A4B0D00480268 /* Portal.app */ = {isa = PBXFileReference; explicitFileType = wrapper.application; includeInIndex = 0; path = Portal.app; sourceTree = BUILT_PRODUCTS_DIR; };
		63974D4B219A4B0D00480268 /* AppDelegate.swift */ = {isa = PBXFileReference; lastKnownFileType = sourcecode.swift; path = AppDelegate.swift; sourceTree = "<group>"; };
		63974D4D219A4B0D00480268 /* art.scnassets */ = {isa = PBXFileReference; lastKnownFileType = wrapper.scnassets; path = art.scnassets; sourceTree = "<group>"; };
		63974D4F219A4B0D00480268 /* ViewController.swift */ = {isa = PBXFileReference; lastKnownFileType = sourcecode.swift; path = ViewController.swift; sourceTree = "<group>"; };
		63974D52219A4B0D00480268 /* Base */ = {isa = PBXFileReference; lastKnownFileType = file.storyboard; name = Base; path = Base.lproj/Main.storyboard; sourceTree = "<group>"; };
		63974D54219A4B1200480268 /* Assets.xcassets */ = {isa = PBXFileReference; lastKnownFileType = folder.assetcatalog; path = Assets.xcassets; sourceTree = "<group>"; };
		63974D57219A4B1200480268 /* Base */ = {isa = PBXFileReference; lastKnownFileType = file.storyboard; name = Base; path = Base.lproj/LaunchScreen.storyboard; sourceTree = "<group>"; };
		63974D59219A4B1200480268 /* Info.plist */ = {isa = PBXFileReference; lastKnownFileType = text.plist.xml; path = Info.plist; sourceTree = "<group>"; };
		63974D5E219A4B1200480268 /* PortalTests.xctest */ = {isa = PBXFileReference; explicitFileType = wrapper.cfbundle; includeInIndex = 0; path = PortalTests.xctest; sourceTree = BUILT_PRODUCTS_DIR; };
		63974D62219A4B1200480268 /* PortalTests.swift */ = {isa = PBXFileReference; lastKnownFileType = sourcecode.swift; path = PortalTests.swift; sourceTree = "<group>"; };
		63974D64219A4B1300480268 /* Info.plist */ = {isa = PBXFileReference; lastKnownFileType = text.plist.xml; path = Info.plist; sourceTree = "<group>"; };
		63974D69219A4B1300480268 /* PortalUITests.xctest */ = {isa = PBXFileReference; explicitFileType = wrapper.cfbundle; includeInIndex = 0; path = PortalUITests.xctest; sourceTree = BUILT_PRODUCTS_DIR; };
		63974D6D219A4B1300480268 /* PortalUITests.swift */ = {isa = PBXFileReference; lastKnownFileType = sourcecode.swift; path = PortalUITests.swift; sourceTree = "<group>"; };
		63974D6F219A4B1300480268 /* Info.plist */ = {isa = PBXFileReference; lastKnownFileType = text.plist.xml; path = Info.plist; sourceTree = "<group>"; };
		63974D7B219A4B3200480268 /* Extensions.swift */ = {isa = PBXFileReference; lastKnownFileType = sourcecode.swift; path = Extensions.swift; sourceTree = "<group>"; };
/* End PBXFileReference section */

/* Begin PBXFrameworksBuildPhase section */
		63974D45219A4B0D00480268 /* Frameworks */ = {
			isa = PBXFrameworksBuildPhase;
			buildActionMask = 2147483647;
			files = (
			);
			runOnlyForDeploymentPostprocessing = 0;
		};
		63974D5B219A4B1200480268 /* Frameworks */ = {
			isa = PBXFrameworksBuildPhase;
			buildActionMask = 2147483647;
			files = (
			);
			runOnlyForDeploymentPostprocessing = 0;
		};
		63974D66219A4B1300480268 /* Frameworks */ = {
			isa = PBXFrameworksBuildPhase;
			buildActionMask = 2147483647;
			files = (
			);
			runOnlyForDeploymentPostprocessing = 0;
		};
/* End PBXFrameworksBuildPhase section */

/* Begin PBXGroup section */
		63974D3F219A4B0D00480268 = {
			isa = PBXGroup;
			children = (
				63974D7B219A4B3200480268 /* Extensions.swift */,
				63974D4A219A4B0D00480268 /* Portal */,
				63974D61219A4B1200480268 /* PortalTests */,
				63974D6C219A4B1300480268 /* PortalUITests */,
				63974D49219A4B0D00480268 /* Products */,
			);
			sourceTree = "<group>";
		};
		63974D49219A4B0D00480268 /* Products */ = {
			isa = PBXGroup;
			children = (
				63974D48219A4B0D00480268 /* Portal.app */,
				63974D5E219A4B1200480268 /* PortalTests.xctest */,
				63974D69219A4B1300480268 /* PortalUITests.xctest */,
			);
			name = Products;
			sourceTree = "<group>";
		};
		63974D4A219A4B0D00480268 /* Portal */ = {
			isa = PBXGroup;
			children = (
				63974D4B219A4B0D00480268 /* AppDelegate.swift */,
				63974D4D219A4B0D00480268 /* art.scnassets */,
				63974D4F219A4B0D00480268 /* ViewController.swift */,
				63974D51219A4B0D00480268 /* Main.storyboard */,
				63974D54219A4B1200480268 /* Assets.xcassets */,
				63974D56219A4B1200480268 /* LaunchScreen.storyboard */,
				63974D59219A4B1200480268 /* Info.plist */,
			);
			path = Portal;
			sourceTree = "<group>";
		};
		63974D61219A4B1200480268 /* PortalTests */ = {
			isa = PBXGroup;
			children = (
				63974D62219A4B1200480268 /* PortalTests.swift */,
				63974D64219A4B1300480268 /* Info.plist */,
			);
			path = PortalTests;
			sourceTree = "<group>";
		};
		63974D6C219A4B1300480268 /* PortalUITests */ = {
			isa = PBXGroup;
			children = (
				63974D6D219A4B1300480268 /* PortalUITests.swift */,
				63974D6F219A4B1300480268 /* Info.plist */,
			);
			path = PortalUITests;
			sourceTree = "<group>";
		};
/* End PBXGroup section */

/* Begin PBXNativeTarget section */
		63974D47219A4B0D00480268 /* Portal */ = {
			isa = PBXNativeTarget;
			buildConfigurationList = 63974D72219A4B1300480268 /* Build configuration list for PBXNativeTarget "Portal" */;
			buildPhases = (
				63974D44219A4B0D00480268 /* Sources */,
				63974D45219A4B0D00480268 /* Frameworks */,
				63974D46219A4B0D00480268 /* Resources */,
			);
			buildRules = (
			);
			dependencies = (
			);
			name = Portal;
			productName = Portal;
			productReference = 63974D48219A4B0D00480268 /* Portal.app */;
			productType = "com.apple.product-type.application";
		};
		63974D5D219A4B1200480268 /* PortalTests */ = {
			isa = PBXNativeTarget;
			buildConfigurationList = 63974D75219A4B1300480268 /* Build configuration list for PBXNativeTarget "PortalTests" */;
			buildPhases = (
				63974D5A219A4B1200480268 /* Sources */,
				63974D5B219A4B1200480268 /* Frameworks */,
				63974D5C219A4B1200480268 /* Resources */,
			);
			buildRules = (
			);
			dependencies = (
				63974D60219A4B1200480268 /* PBXTargetDependency */,
			);
			name = PortalTests;
			productName = PortalTests;
			productReference = 63974D5E219A4B1200480268 /* PortalTests.xctest */;
			productType = "com.apple.product-type.bundle.unit-test";
		};
		63974D68219A4B1300480268 /* PortalUITests */ = {
			isa = PBXNativeTarget;
			buildConfigurationList = 63974D78219A4B1300480268 /* Build configuration list for PBXNativeTarget "PortalUITests" */;
			buildPhases = (
				63974D65219A4B1300480268 /* Sources */,
				63974D66219A4B1300480268 /* Frameworks */,
				63974D67219A4B1300480268 /* Resources */,
			);
			buildRules = (
			);
			dependencies = (
				63974D6B219A4B1300480268 /* PBXTargetDependency */,
			);
			name = PortalUITests;
			productName = PortalUITests;
			productReference = 63974D69219A4B1300480268 /* PortalUITests.xctest */;
			productType = "com.apple.product-type.bundle.ui-testing";
		};
/* End PBXNativeTarget section */

/* Begin PBXProject section */
		63974D40219A4B0D00480268 /* Project object */ = {
			isa = PBXProject;
			attributes = {
				LastSwiftUpdateCheck = 0940;
				LastUpgradeCheck = 0940;
				ORGANIZATIONNAME = "Kaelen Guthrie";
				TargetAttributes = {
					63974D47219A4B0D00480268 = {
						CreatedOnToolsVersion = 9.4.1;
					};
					63974D5D219A4B1200480268 = {
						CreatedOnToolsVersion = 9.4.1;
						TestTargetID = 63974D47219A4B0D00480268;
					};
					63974D68219A4B1300480268 = {
						CreatedOnToolsVersion = 9.4.1;
						TestTargetID = 63974D47219A4B0D00480268;
					};
				};
			};
			buildConfigurationList = 63974D43219A4B0D00480268 /* Build configuration list for PBXProject "Portal" */;
			compatibilityVersion = "Xcode 9.3";
			developmentRegion = en;
			hasScannedForEncodings = 0;
			knownRegions = (
				en,
				Base,
			);
			mainGroup = 63974D3F219A4B0D00480268;
			productRefGroup = 63974D49219A4B0D00480268 /* Products */;
			projectDirPath = "";
			projectRoot = "";
			targets = (
				63974D47219A4B0D00480268 /* Portal */,
				63974D5D219A4B1200480268 /* PortalTests */,
				63974D68219A4B1300480268 /* PortalUITests */,
			);
		};
/* End PBXProject section */

/* Begin PBXResourcesBuildPhase section */
		63974D46219A4B0D00480268 /* Resources */ = {
			isa = PBXResourcesBuildPhase;
			buildActionMask = 2147483647;
			files = (
				63974D4E219A4B0D00480268 /* art.scnassets in Resources */,
				63974D58219A4B1200480268 /* LaunchScreen.storyboard in Resources */,
				63974D55219A4B1200480268 /* Assets.xcassets in Resources */,
				63974D53219A4B0D00480268 /* Main.storyboard in Resources */,
			);
			runOnlyForDeploymentPostprocessing = 0;
		};
		63974D5C219A4B1200480268 /* Resources */ = {
			isa = PBXResourcesBuildPhase;
			buildActionMask = 2147483647;
			files = (
			);
			runOnlyForDeploymentPostprocessing = 0;
		};
		63974D67219A4B1300480268 /* Resources */ = {
			isa = PBXResourcesBuildPhase;
			buildActionMask = 2147483647;
			files = (
			);
			runOnlyForDeploymentPostprocessing = 0;
		};
/* End PBXResourcesBuildPhase section */

/* Begin PBXSourcesBuildPhase section */
		63974D44219A4B0D00480268 /* Sources */ = {
			isa = PBXSourcesBuildPhase;
			buildActionMask = 2147483647;
			files = (
				63974D50219A4B0D00480268 /* ViewController.swift in Sources */,
				63974D7C219A4B3200480268 /* Extensions.swift in Sources */,
				63974D4C219A4B0D00480268 /* AppDelegate.swift in Sources */,
			);
			runOnlyForDeploymentPostprocessing = 0;
		};
		63974D5A219A4B1200480268 /* Sources */ = {
			isa = PBXSourcesBuildPhase;
			buildActionMask = 2147483647;
			files = (
				63974D63219A4B1200480268 /* PortalTests.swift in Sources */,
			);
			runOnlyForDeploymentPostprocessing = 0;
		};
		63974D65219A4B1300480268 /* Sources */ = {
			isa = PBXSourcesBuildPhase;
			buildActionMask = 2147483647;
			files = (
				63974D6E219A4B1300480268 /* PortalUITests.swift in Sources */,
			);
			runOnlyForDeploymentPostprocessing = 0;
		};
/* End PBXSourcesBuildPhase section */

/* Begin PBXTargetDependency section */
		63974D60219A4B1200480268 /* PBXTargetDependency */ = {
			isa = PBXTargetDependency;
			target = 63974D47219A4B0D00480268 /* Portal */;
			targetProxy = 63974D5F219A4B1200480268 /* PBXContainerItemProxy */;
		};
		63974D6B219A4B1300480268 /* PBXTargetDependency */ = {
			isa = PBXTargetDependency;
			target = 63974D47219A4B0D00480268 /* Portal */;
			targetProxy = 63974D6A219A4B1300480268 /* PBXContainerItemProxy */;
		};
/* End PBXTargetDependency section */

/* Begin PBXVariantGroup section */
		63974D51219A4B0D00480268 /* Main.storyboard */ = {
			isa = PBXVariantGroup;
			children = (
				63974D52219A4B0D00480268 /* Base */,
			);
			name = Main.storyboard;
			sourceTree = "<group>";
		};
		63974D56219A4B1200480268 /* LaunchScreen.storyboard */ = {
			isa = PBXVariantGroup;
			children = (
				63974D57219A4B1200480268 /* Base */,
			);
			name = LaunchScreen.storyboard;
			sourceTree = "<group>";
		};
/* End PBXVariantGroup section */

/* Begin XCBuildConfiguration section */
		63974D70219A4B1300480268 /* Debug */ = {
			isa = XCBuildConfiguration;
			buildSettings = {
				ALWAYS_SEARCH_USER_PATHS = NO;
				CLANG_ANALYZER_NONNULL = YES;
				CLANG_ANALYZER_NUMBER_OBJECT_CONVERSION = YES_AGGRESSIVE;
				CLANG_CXX_LANGUAGE_STANDARD = "gnu++14";
				CLANG_CXX_LIBRARY = "libc++";
				CLANG_ENABLE_MODULES = YES;
				CLANG_ENABLE_OBJC_ARC = YES;
				CLANG_ENABLE_OBJC_WEAK = YES;
				CLANG_WARN_BLOCK_CAPTURE_AUTORELEASING = YES;
				CLANG_WARN_BOOL_CONVERSION = YES;
				CLANG_WARN_COMMA = YES;
				CLANG_WARN_CONSTANT_CONVERSION = YES;
				CLANG_WARN_DEPRECATED_OBJC_IMPLEMENTATIONS = YES;
				CLANG_WARN_DIRECT_OBJC_ISA_USAGE = YES_ERROR;
				CLANG_WARN_DOCUMENTATION_COMMENTS = YES;
				CLANG_WARN_EMPTY_BODY = YES;
				CLANG_WARN_ENUM_CONVERSION = YES;
				CLANG_WARN_INFINITE_RECURSION = YES;
				CLANG_WARN_INT_CONVERSION = YES;
				CLANG_WARN_NON_LITERAL_NULL_CONVERSION = YES;
				CLANG_WARN_OBJC_IMPLICIT_RETAIN_SELF = YES;
				CLANG_WARN_OBJC_LITERAL_CONVERSION = YES;
				CLANG_WARN_OBJC_ROOT_CLASS = YES_ERROR;
				CLANG_WARN_RANGE_LOOP_ANALYSIS = YES;
				CLANG_WARN_STRICT_PROTOTYPES = YES;
				CLANG_WARN_SUSPICIOUS_MOVE = YES;
				CLANG_WARN_UNGUARDED_AVAILABILITY = YES_AGGRESSIVE;
				CLANG_WARN_UNREACHABLE_CODE = YES;
				CLANG_WARN__DUPLICATE_METHOD_MATCH = YES;
				CODE_SIGN_IDENTITY = "iPhone Developer";
				COPY_PHASE_STRIP = NO;
				DEBUG_INFORMATION_FORMAT = dwarf;
				ENABLE_STRICT_OBJC_MSGSEND = YES;
				ENABLE_TESTABILITY = YES;
				GCC_C_LANGUAGE_STANDARD = gnu11;
				GCC_DYNAMIC_NO_PIC = NO;
				GCC_NO_COMMON_BLOCKS = YES;
				GCC_OPTIMIZATION_LEVEL = 0;
				GCC_PREPROCESSOR_DEFINITIONS = (
					"DEBUG=1",
					"$(inherited)",
				);
				GCC_WARN_64_TO_32_BIT_CONVERSION = YES;
				GCC_WARN_ABOUT_RETURN_TYPE = YES_ERROR;
				GCC_WARN_UNDECLARED_SELECTOR = YES;
				GCC_WARN_UNINITIALIZED_AUTOS = YES_AGGRESSIVE;
				GCC_WARN_UNUSED_FUNCTION = YES;
				GCC_WARN_UNUSED_VARIABLE = YES;
				IPHONEOS_DEPLOYMENT_TARGET = 11.4;
				MTL_ENABLE_DEBUG_INFO = YES;
				ONLY_ACTIVE_ARCH = YES;
				SDKROOT = iphoneos;
				SWIFT_ACTIVE_COMPILATION_CONDITIONS = DEBUG;
				SWIFT_OPTIMIZATION_LEVEL = "-Onone";
			};
			name = Debug;
		};
		63974D71219A4B1300480268 /* Release */ = {
			isa = XCBuildConfiguration;
			buildSettings = {
				ALWAYS_SEARCH_USER_PATHS = NO;
				CLANG_ANALYZER_NONNULL = YES;
				CLANG_ANALYZER_NUMBER_OBJECT_CONVERSION = YES_AGGRESSIVE;
				CLANG_CXX_LANGUAGE_STANDARD = "gnu++14";
				CLANG_CXX_LIBRARY = "libc++";
				CLANG_ENABLE_MODULES = YES;
				CLANG_ENABLE_OBJC_ARC = YES;
				CLANG_ENABLE_OBJC_WEAK = YES;
				CLANG_WARN_BLOCK_CAPTURE_AUTORELEASING = YES;
				CLANG_WARN_BOOL_CONVERSION = YES;
				CLANG_WARN_COMMA = YES;
				CLANG_WARN_CONSTANT_CONVERSION = YES;
				CLANG_WARN_DEPRECATED_OBJC_IMPLEMENTATIONS = YES;
				CLANG_WARN_DIRECT_OBJC_ISA_USAGE = YES_ERROR;
				CLANG_WARN_DOCUMENTATION_COMMENTS = YES;
				CLANG_WARN_EMPTY_BODY = YES;
				CLANG_WARN_ENUM_CONVERSION = YES;
				CLANG_WARN_INFINITE_RECURSION = YES;
				CLANG_WARN_INT_CONVERSION = YES;
				CLANG_WARN_NON_LITERAL_NULL_CONVERSION = YES;
				CLANG_WARN_OBJC_IMPLICIT_RETAIN_SELF = YES;
				CLANG_WARN_OBJC_LITERAL_CONVERSION = YES;
				CLANG_WARN_OBJC_ROOT_CLASS = YES_ERROR;
				CLANG_WARN_RANGE_LOOP_ANALYSIS = YES;
				CLANG_WARN_STRICT_PROTOTYPES = YES;
				CLANG_WARN_SUSPICIOUS_MOVE = YES;
				CLANG_WARN_UNGUARDED_AVAILABILITY = YES_AGGRESSIVE;
				CLANG_WARN_UNREACHABLE_CODE = YES;
				CLANG_WARN__DUPLICATE_METHOD_MATCH = YES;
				CODE_SIGN_IDENTITY = "iPhone Developer";
				COPY_PHASE_STRIP = NO;
				DEBUG_INFORMATION_FORMAT = "dwarf-with-dsym";
				ENABLE_NS_ASSERTIONS = NO;
				ENABLE_STRICT_OBJC_MSGSEND = YES;
				GCC_C_LANGUAGE_STANDARD = gnu11;
				GCC_NO_COMMON_BLOCKS = YES;
				GCC_WARN_64_TO_32_BIT_CONVERSION = YES;
				GCC_WARN_ABOUT_RETURN_TYPE = YES_ERROR;
				GCC_WARN_UNDECLARED_SELECTOR = YES;
				GCC_WARN_UNINITIALIZED_AUTOS = YES_AGGRESSIVE;
				GCC_WARN_UNUSED_FUNCTION = YES;
				GCC_WARN_UNUSED_VARIABLE = YES;
				IPHONEOS_DEPLOYMENT_TARGET = 11.4;
				MTL_ENABLE_DEBUG_INFO = NO;
				SDKROOT = iphoneos;
				SWIFT_COMPILATION_MODE = wholemodule;
				SWIFT_OPTIMIZATION_LEVEL = "-O";
				VALIDATE_PRODUCT = YES;
			};
			name = Release;
		};
		63974D73219A4B1300480268 /* Debug */ = {
			isa = XCBuildConfiguration;
			buildSettings = {
				ASSETCATALOG_COMPILER_APPICON_NAME = AppIcon;
				CODE_SIGN_STYLE = Automatic;
				DEVELOPMENT_TEAM = WW65TXGD24;
				INFOPLIST_FILE = Portal/Info.plist;
				LD_RUNPATH_SEARCH_PATHS = (
					"$(inherited)",
					"@executable_path/Frameworks",
				);
				PRODUCT_BUNDLE_IDENTIFIER = kaelen.Portal;
				PRODUCT_NAME = "$(TARGET_NAME)";
				SWIFT_VERSION = 4.0;
				TARGETED_DEVICE_FAMILY = "1,2";
			};
			name = Debug;
		};
		63974D74219A4B1300480268 /* Release */ = {
			isa = XCBuildConfiguration;
			buildSettings = {
				ASSETCATALOG_COMPILER_APPICON_NAME = AppIcon;
				CODE_SIGN_STYLE = Automatic;
				DEVELOPMENT_TEAM = WW65TXGD24;
				INFOPLIST_FILE = Portal/Info.plist;
				LD_RUNPATH_SEARCH_PATHS = (
					"$(inherited)",
					"@executable_path/Frameworks",
				);
				PRODUCT_BUNDLE_IDENTIFIER = kaelen.Portal;
				PRODUCT_NAME = "$(TARGET_NAME)";
				SWIFT_VERSION = 4.0;
				TARGETED_DEVICE_FAMILY = "1,2";
			};
			name = Release;
		};
		63974D76219A4B1300480268 /* Debug */ = {
			isa = XCBuildConfiguration;
			buildSettings = {
				ALWAYS_EMBED_SWIFT_STANDARD_LIBRARIES = YES;
				BUNDLE_LOADER = "$(TEST_HOST)";
				CODE_SIGN_STYLE = Automatic;
				DEVELOPMENT_TEAM = WW65TXGD24;
				INFOPLIST_FILE = PortalTests/Info.plist;
				LD_RUNPATH_SEARCH_PATHS = (
					"$(inherited)",
					"@executable_path/Frameworks",
					"@loader_path/Frameworks",
				);
				PRODUCT_BUNDLE_IDENTIFIER = kaelen.PortalTests;
				PRODUCT_NAME = "$(TARGET_NAME)";
				SWIFT_VERSION = 4.0;
				TARGETED_DEVICE_FAMILY = "1,2";
				TEST_HOST = "$(BUILT_PRODUCTS_DIR)/Portal.app/Portal";
			};
			name = Debug;
		};
		63974D77219A4B1300480268 /* Release */ = {
			isa = XCBuildConfiguration;
			buildSettings = {
				ALWAYS_EMBED_SWIFT_STANDARD_LIBRARIES = YES;
				BUNDLE_LOADER = "$(TEST_HOST)";
				CODE_SIGN_STYLE = Automatic;
				DEVELOPMENT_TEAM = WW65TXGD24;
				INFOPLIST_FILE = PortalTests/Info.plist;
				LD_RUNPATH_SEARCH_PATHS = (
					"$(inherited)",
					"@executable_path/Frameworks",
					"@loader_path/Frameworks",
				);
				PRODUCT_BUNDLE_IDENTIFIER = kaelen.PortalTests;
				PRODUCT_NAME = "$(TARGET_NAME)";
				SWIFT_VERSION = 4.0;
				TARGETED_DEVICE_FAMILY = "1,2";
				TEST_HOST = "$(BUILT_PRODUCTS_DIR)/Portal.app/Portal";
			};
			name = Release;
		};
		63974D79219A4B1300480268 /* Debug */ = {
			isa = XCBuildConfiguration;
			buildSettings = {
				ALWAYS_EMBED_SWIFT_STANDARD_LIBRARIES = YES;
				CODE_SIGN_STYLE = Automatic;
				DEVELOPMENT_TEAM = WW65TXGD24;
				INFOPLIST_FILE = PortalUITests/Info.plist;
				LD_RUNPATH_SEARCH_PATHS = (
					"$(inherited)",
					"@executable_path/Frameworks",
					"@loader_path/Frameworks",
				);
				PRODUCT_BUNDLE_IDENTIFIER = kaelen.PortalUITests;
				PRODUCT_NAME = "$(TARGET_NAME)";
				SWIFT_VERSION = 4.0;
				TARGETED_DEVICE_FAMILY = "1,2";
				TEST_TARGET_NAME = Portal;
			};
			name = Debug;
		};
		63974D7A219A4B1300480268 /* Release */ = {
			isa = XCBuildConfiguration;
			buildSettings = {
				ALWAYS_EMBED_SWIFT_STANDARD_LIBRARIES = YES;
				CODE_SIGN_STYLE = Automatic;
				DEVELOPMENT_TEAM = WW65TXGD24;
				INFOPLIST_FILE = PortalUITests/Info.plist;
				LD_RUNPATH_SEARCH_PATHS = (
					"$(inherited)",
					"@executable_path/Frameworks",
					"@loader_path/Frameworks",
				);
				PRODUCT_BUNDLE_IDENTIFIER = kaelen.PortalUITests;
				PRODUCT_NAME = "$(TARGET_NAME)";
				SWIFT_VERSION = 4.0;
				TARGETED_DEVICE_FAMILY = "1,2";
				TEST_TARGET_NAME = Portal;
			};
			name = Release;
		};
/* End XCBuildConfiguration section */

/* Begin XCConfigurationList section */
		63974D43219A4B0D00480268 /* Build configuration list for PBXProject "Portal" */ = {
			isa = XCConfigurationList;
			buildConfigurations = (
				63974D70219A4B1300480268 /* Debug */,
				63974D71219A4B1300480268 /* Release */,
			);
			defaultConfigurationIsVisible = 0;
			defaultConfigurationName = Release;
		};
		63974D72219A4B1300480268 /* Build configuration list for PBXNativeTarget "Portal" */ = {
			isa = XCConfigurationList;
			buildConfigurations = (
				63974D73219A4B1300480268 /* Debug */,
				63974D74219A4B1300480268 /* Release */,
			);
			defaultConfigurationIsVisible = 0;
			defaultConfigurationName = Release;
		};
		63974D75219A4B1300480268 /* Build configuration list for PBXNativeTarget "PortalTests" */ = {
			isa = XCConfigurationList;
			buildConfigurations = (
				63974D76219A4B1300480268 /* Debug */,
				63974D77219A4B1300480268 /* Release */,
			);
			defaultConfigurationIsVisible = 0;
			defaultConfigurationName = Release;
		};
		63974D78219A4B1300480268 /* Build configuration list for PBXNativeTarget "PortalUITests" */ = {
			isa = XCConfigurationList;
			buildConfigurations = (
				63974D79219A4B1300480268 /* Debug */,
				63974D7A219A4B1300480268 /* Release */,
			);
			defaultConfigurationIsVisible = 0;
			defaultConfigurationName = Release;
		};
/* End XCConfigurationList section */
	};
	rootObject = 63974D40219A4B0D00480268 /* Project object */;
}
